NeoBundleLock julia-vim ee6a908f8058b87fd940e212ccf402cceef0a905
NeoBundleLock neobundle.vim da586948ea027442d6c1b724e3b8c0937e224454
NeoBundleLock tabular ee6a908f8058b87fd940e212ccf402cceef0a905
NeoBundleLock vim-colors-solarized 528a59f26d12278698bb946f8fb82a63711eec21
NeoBundleLock vim-latex ee6a908f8058b87fd940e212ccf402cceef0a905
NeoBundleLock vim-pandoc ee6a908f8058b87fd940e212ccf402cceef0a905
NeoBundleLock vim-pandoc-syntax ee6a908f8058b87fd940e212ccf402cceef0a905
NeoBundleLock vim-python-pep8-indent ee6a908f8058b87fd940e212ccf402cceef0a905
