NeoBundleLock julia-vim 4acaadc0106f41a653611c9d62c0260af07b530b
NeoBundleLock neobundle.vim da586948ea027442d6c1b724e3b8c0937e224454
NeoBundleLock tabular 4acaadc0106f41a653611c9d62c0260af07b530b
NeoBundleLock vim-colors-solarized 4acaadc0106f41a653611c9d62c0260af07b530b
NeoBundleLock vim-latex 4acaadc0106f41a653611c9d62c0260af07b530b
NeoBundleLock vim-pandoc 4acaadc0106f41a653611c9d62c0260af07b530b
NeoBundleLock vim-pandoc-syntax 4acaadc0106f41a653611c9d62c0260af07b530b
NeoBundleLock vim-python-pep8-indent 4acaadc0106f41a653611c9d62c0260af07b530b
