NeoBundleLock vim-markdown 0da5ba9d719b818909d85bacdad2ce5d860c9e94
NeoBundleLock vim-colors-solarized 528a59f26d12278698bb946f8fb82a63711eec21
NeoBundleLock neobundle.vim da586948ea027442d6c1b724e3b8c0937e224454
NeoBundleLock vim-python-pep8-indent e66de53b9e4c58e6d950b8dce8a0c32703bedb81
NeoBundleLock tabular 60f25648814f0695eeb6c1040d97adca93c4e0bb
NeoBundleLock julia-vim e33061769718e3af128ccb5c97427cc863f888d5
NeoBundleLock vim-latex a9a6dd0396d4d87468298ce55650fc53a0ac8c52
